
Microsoft Visual Studio Solution File, Format Version 12.00
# Visual Studio Version 17
VisualStudioVersion = 17.11.35431.28
MinimumVisualStudioVersion = 10.0.40219.1
Project("{9A19103F-16F7-4668-BE54-9A1E7A4F7556}") = "Api", "src\Api\Api.csproj", "{AF32B74E-C506-4DC4-AB96-33DE9FE91ABF}"
EndProject
Project("{FAE04EC0-301F-11D3-BF4B-00C04F79EFBC}") = "Application", "src\Application\Application.csproj", "{4CA8FC97-B2B2-4E8E-9BB7-FF1EE2E53BB6}"
EndProject
Project("{FAE04EC0-301F-11D3-BF4B-00C04F79EFBC}") = "Domain", "src\Domain\Domain.csproj", "{EA9C5CB5-7155-4670-B560-86D4C35C8E8C}"
EndProject
Project("{FAE04EC0-301F-11D3-BF4B-00C04F79EFBC}") = "Infrastructure", "src\Infrastructure\Infrastructure.csproj", "{DFDDCBC6-78EB-4D85-B8B9-DCAE1BF78EB3}"
EndProject
Global
	GlobalSection(SolutionConfigurationPlatforms) = preSolution
		Debug|Any CPU = Debug|Any CPU
		Release|Any CPU = Release|Any CPU
	EndGlobalSection
	GlobalSection(ProjectConfigurationPlatforms) = postSolution
		{AF32B74E-C506-4DC4-AB96-33DE9FE91ABF}.Debug|Any CPU.ActiveCfg = Debug|Any CPU
		{AF32B74E-C506-4DC4-AB96-33DE9FE91ABF}.Debug|Any CPU.Build.0 = Debug|Any CPU
		{AF32B74E-C506-4DC4-AB96-33DE9FE91ABF}.Release|Any CPU.ActiveCfg = Release|Any CPU
		{AF32B74E-C506-4DC4-AB96-33DE9FE91ABF}.Release|Any CPU.Build.0 = Release|Any CPU
		{4CA8FC97-B2B2-4E8E-9BB7-FF1EE2E53BB6}.Debug|Any CPU.ActiveCfg = Debug|Any CPU
		{4CA8FC97-B2B2-4E8E-9BB7-FF1EE2E53BB6}.Debug|Any CPU.Build.0 = Debug|Any CPU
		{4CA8FC97-B2B2-4E8E-9BB7-FF1EE2E53BB6}.Release|Any CPU.ActiveCfg = Release|Any CPU
		{4CA8FC97-B2B2-4E8E-9BB7-FF1EE2E53BB6}.Release|Any CPU.Build.0 = Release|Any CPU
		{EA9C5CB5-7155-4670-B560-86D4C35C8E8C}.Debug|Any CPU.ActiveCfg = Debug|Any CPU
		{EA9C5CB5-7155-4670-B560-86D4C35C8E8C}.Debug|Any CPU.Build.0 = Debug|Any CPU
		{EA9C5CB5-7155-4670-B560-86D4C35C8E8C}.Release|Any CPU.ActiveCfg = Release|Any CPU
		{EA9C5CB5-7155-4670-B560-86D4C35C8E8C}.Release|Any CPU.Build.0 = Release|Any CPU
		{DFDDCBC6-78EB-4D85-B8B9-DCAE1BF78EB3}.Debug|Any CPU.ActiveCfg = Debug|Any CPU
		{DFDDCBC6-78EB-4D85-B8B9-DCAE1BF78EB3}.Debug|Any CPU.Build.0 = Debug|Any CPU
		{DFDDCBC6-78EB-4D85-B8B9-DCAE1BF78EB3}.Release|Any CPU.ActiveCfg = Release|Any CPU
		{DFDDCBC6-78EB-4D85-B8B9-DCAE1BF78EB3}.Release|Any CPU.Build.0 = Release|Any CPU
	EndGlobalSection
	GlobalSection(SolutionProperties) = preSolution
		HideSolutionNode = FALSE
	EndGlobalSection
	GlobalSection(ExtensibilityGlobals) = postSolution
		SolutionGuid = {06911E29-1B76-4326-A22B-66AC16479188}
	EndGlobalSection
EndGlobal
